// !$*UTF8*$!
{
	archiveVersion = 1;
	classes = {
	};
	objectVersion = 55;
	objects = {

/* Begin PBXBuildFile section */
		1A0E3A992862F7E200132FCB /* AppDelegate.swift in Sources */ = {isa = PBXBuildFile; fileRef = 1A0E3A982862F7E200132FCB /* AppDelegate.swift */; };
		1A0E3A9B2862F7E200132FCB /* SceneDelegate.swift in Sources */ = {isa = PBXBuildFile; fileRef = 1A0E3A9A2862F7E200132FCB /* SceneDelegate.swift */; };
		1A0E3A9D2862F7E200132FCB /* ListCharactersViewController.swift in Sources */ = {isa = PBXBuildFile; fileRef = 1A0E3A9C2862F7E200132FCB /* ListCharactersViewController.swift */; };
		1A0E3AA22862F7E300132FCB /* Assets.xcassets in Resources */ = {isa = PBXBuildFile; fileRef = 1A0E3AA12862F7E300132FCB /* Assets.xcassets */; };
		1A0E3AA52862F7E300132FCB /* LaunchScreen.storyboard in Resources */ = {isa = PBXBuildFile; fileRef = 1A0E3AA32862F7E300132FCB /* LaunchScreen.storyboard */; };
		1A0E3AB02862F7E300132FCB /* WallaMarvelTests.swift in Sources */ = {isa = PBXBuildFile; fileRef = 1A0E3AAF2862F7E300132FCB /* WallaMarvelTests.swift */; };
		1A0E3ABA2862F7E300132FCB /* WallaMarvelUITests.swift in Sources */ = {isa = PBXBuildFile; fileRef = 1A0E3AB92862F7E300132FCB /* WallaMarvelUITests.swift */; };
		1A0E3ABC2862F7E300132FCB /* WallaMarvelUITestsLaunchTests.swift in Sources */ = {isa = PBXBuildFile; fileRef = 1A0E3ABB2862F7E300132FCB /* WallaMarvelUITestsLaunchTests.swift */; };
		1A3B7326286ADD1E007BF626 /* ListCharactersTableView.swift in Sources */ = {isa = PBXBuildFile; fileRef = 1A3B7325286ADD1E007BF626 /* ListCharactersTableView.swift */; };
		1A3B7328286ADEE6007BF626 /* ListCharactersTableViewCell.swift in Sources */ = {isa = PBXBuildFile; fileRef = 1A3B7327286ADEE6007BF626 /* ListCharactersTableViewCell.swift */; };
		1A3B732A286AE195007BF626 /* ListCharactersAdapter.swift in Sources */ = {isa = PBXBuildFile; fileRef = 1A3B7329286AE195007BF626 /* ListCharactersAdapter.swift */; };
		1A7B9BBF286D81B600EBC1A6 /* Thumbnail.swift in Sources */ = {isa = PBXBuildFile; fileRef = 1A7B9BBE286D81B600EBC1A6 /* Thumbnail.swift */; };
		1A821EC92862FE3C0024D397 /* APIClient.swift in Sources */ = {isa = PBXBuildFile; fileRef = 1A821EC82862FE3C0024D397 /* APIClient.swift */; };
		1A821ECC2862FF990024D397 /* String+MD5.swift in Sources */ = {isa = PBXBuildFile; fileRef = 1A821ECB2862FF990024D397 /* String+MD5.swift */; };
		1A821ED4286302EC0024D397 /* CharacterResponseDataModel.swift in Sources */ = {isa = PBXBuildFile; fileRef = 1A821ED3286302EC0024D397 /* CharacterResponseDataModel.swift */; };
		1A821ED6286305590024D397 /* CharacterDataSource.swift in Sources */ = {isa = PBXBuildFile; fileRef = 1A821ED5286305590024D397 /* CharacterDataSource.swift */; };
		1A821ED82863081A0024D397 /* CharacterRepository.swift in Sources */ = {isa = PBXBuildFile; fileRef = 1A821ED72863081A0024D397 /* CharacterRepository.swift */; };
		1A821EDA2863096C0024D397 /* ListCharactersPresenter.swift in Sources */ = {isa = PBXBuildFile; fileRef = 1A821ED92863096C0024D397 /* ListCharactersPresenter.swift */; };
		1A86FC102F7F75B9000A34FE /* CharacterDataModelMappingTests.swift in Sources */ = {isa = PBXBuildFile; fileRef = 1AA67B9F2F7E1F82002C7F2E /* CharacterDataModelMappingTests.swift */; };
		1AA67B802F7E1186002C7F2E /* ListCharactersUISpy.swift in Sources */ = {isa = PBXBuildFile; fileRef = 1AA67B7F2F7E1186002C7F2E /* ListCharactersUISpy.swift */; };
		1AA67B822F7E13EF002C7F2E /* CharacterRepositorySpy.swift in Sources */ = {isa = PBXBuildFile; fileRef = 1AA67B812F7E13EF002C7F2E /* CharacterRepositorySpy.swift */; };
		1AA67B862F7E1407002C7F2E /* GetCharactersTests.swift in Sources */ = {isa = PBXBuildFile; fileRef = 1AA67B852F7E1407002C7F2E /* GetCharactersTests.swift */; };
		1AA67B892F7E146A002C7F2E /* TestError.swift in Sources */ = {isa = PBXBuildFile; fileRef = 1AA67B882F7E146A002C7F2E /* TestError.swift */; };
		1AA67B8C2F7E1501002C7F2E /* URLProtocolStub.swift in Sources */ = {isa = PBXBuildFile; fileRef = 1AA67B8B2F7E1501002C7F2E /* URLProtocolStub.swift */; };
		1AA67B8E2F7E1504002C7F2E /* APIClientSpy.swift in Sources */ = {isa = PBXBuildFile; fileRef = 1AA67B8D2F7E1504002C7F2E /* APIClientSpy.swift */; };
		1AA67B902F7E1508002C7F2E /* CharacterDataSourceSpy.swift in Sources */ = {isa = PBXBuildFile; fileRef = 1AA67B8F2F7E1508002C7F2E /* CharacterDataSourceSpy.swift */; };
		1AA67B922F7E151B002C7F2E /* APIClientTests.swift in Sources */ = {isa = PBXBuildFile; fileRef = 1AA67B912F7E151B002C7F2E /* APIClientTests.swift */; };
		1AA67B942F7E1525002C7F2E /* CharacterDataSourceTests.swift in Sources */ = {isa = PBXBuildFile; fileRef = 1AA67B932F7E1525002C7F2E /* CharacterDataSourceTests.swift */; };
		1AA67B962F7E152C002C7F2E /* CharacterRepositoryTests.swift in Sources */ = {isa = PBXBuildFile; fileRef = 1AA67B952F7E152C002C7F2E /* CharacterRepositoryTests.swift */; };
		1AA67B992F7E1EA6002C7F2E /* Character.swift in Sources */ = {isa = PBXBuildFile; fileRef = 1AA67B982F7E1EA6002C7F2E /* Character.swift */; };
		1AA67B9C2F7E1EAB002C7F2E /* CharacterDataModel+Mapping.swift in Sources */ = {isa = PBXBuildFile; fileRef = 1AA67B9B2F7E1EAB002C7F2E /* CharacterDataModel+Mapping.swift */; };
		1AA67B9E2F7E1EDA002C7F2E /* Character+fixture.swift in Sources */ = {isa = PBXBuildFile; fileRef = 1AA67B9D2F7E1EDA002C7F2E /* Character+fixture.swift */; };
		1AC0347F2863214900E93178 /* GetCharacters.swift in Sources */ = {isa = PBXBuildFile; fileRef = 1AC0347E2863214900E93178 /* GetCharacters.swift */; };
		1AE537BC2F7E045C008BABB4 /* PageInfo.swift in Sources */ = {isa = PBXBuildFile; fileRef = 1AE537BB2F7E0459008BABB4 /* PageInfo.swift */; };
		1AE537BE2F7E0474008BABB4 /* Origin.swift in Sources */ = {isa = PBXBuildFile; fileRef = 1AE537BD2F7E0472008BABB4 /* Origin.swift */; };
		1AE537C02F7E048C008BABB4 /* CharacterDataModel.swift in Sources */ = {isa = PBXBuildFile; fileRef = 1AE537BF2F7E0488008BABB4 /* CharacterDataModel.swift */; };
		1AE537C22F7E04A9008BABB4 /* Location.swift in Sources */ = {isa = PBXBuildFile; fileRef = 1AE537C12F7E04A4008BABB4 /* Location.swift */; };
		1AE537C72F7E08E0008BABB4 /* ListCharactersPresenterTests.swift in Sources */ = {isa = PBXBuildFile; fileRef = 1AE537C62F7E08E0008BABB4 /* ListCharactersPresenterTests.swift */; };
		1AE537CB2F7E0B36008BABB4 /* GetCharactersUseCaseSpy.swift in Sources */ = {isa = PBXBuildFile; fileRef = 1AE537CA2F7E0B35008BABB4 /* GetCharactersUseCaseSpy.swift */; };
		1AE537CD2F7E0B6C008BABB4 /* CharacterDataContainer+fixture.swift in Sources */ = {isa = PBXBuildFile; fileRef = 1AE537CC2F7E0B65008BABB4 /* CharacterDataContainer+fixture.swift */; };
		1AE537CF2F7E0BE1008BABB4 /* PageInfo+fixture.swift in Sources */ = {isa = PBXBuildFile; fileRef = 1AE537CE2F7E0BE1008BABB4 /* PageInfo+fixture.swift */; };
		1AE537D12F7E0BE5008BABB4 /* Origin+fixture.swift in Sources */ = {isa = PBXBuildFile; fileRef = 1AE537D02F7E0BE5008BABB4 /* Origin+fixture.swift */; };
		1AE537D32F7E0BE8008BABB4 /* Location+fixture.swift in Sources */ = {isa = PBXBuildFile; fileRef = 1AE537D22F7E0BE8008BABB4 /* Location+fixture.swift */; };
		1AE537D52F7E0BEC008BABB4 /* Thumbnail+fixture.swift in Sources */ = {isa = PBXBuildFile; fileRef = 1AE537D42F7E0BEC008BABB4 /* Thumbnail+fixture.swift */; };
		1AE537D72F7E0BFA008BABB4 /* CharacterDataModel+fixture.swift in Sources */ = {isa = PBXBuildFile; fileRef = 1AE537D62F7E0BFA008BABB4 /* CharacterDataModel+fixture.swift */; };
		6FF50D79AFADE4D4FA3E6F4A /* AppErrorTests.swift in Sources */ = {isa = PBXBuildFile; fileRef = 9D28C8FF45D193ADF868F043 /* AppErrorTests.swift */; };
		A66389F32DCE202500466318 /* Kingfisher in Frameworks */ = {isa = PBXBuildFile; productRef = A66389F22DCE202500466318 /* Kingfisher */; };
		C0E34B0FEA5F574586DAEE37 /* AppErrorMapper.swift in Sources */ = {isa = PBXBuildFile; fileRef = 098896F8E8ADBCEA320C7B48 /* AppErrorMapper.swift */; };
		F585F2C321223DDD15051939 /* AppError.swift in Sources */ = {isa = PBXBuildFile; fileRef = 1DCD5856E0C7CEDDA14C48D5 /* AppError.swift */; };
		F8958390974A92B22B51A0CE /* AppErrorMapperTests.swift in Sources */ = {isa = PBXBuildFile; fileRef = 7331CFD7344EAA013BAF60E8 /* AppErrorMapperTests.swift */; };
		ECEE354E22C34945A90688BC /* Coordinator.swift in Sources */ = {isa = PBXBuildFile; fileRef = CFDCAA3E5318472B9C43F70A /* Coordinator.swift */; };
		70FE356A1D2E46CF8F23A409 /* AppCoordinator.swift in Sources */ = {isa = PBXBuildFile; fileRef = 34806026B7C74446890FEAAA /* AppCoordinator.swift */; };
		C1E036C813C242EE8DC3E642 /* ListCharactersCoordinator.swift in Sources */ = {isa = PBXBuildFile; fileRef = 9B8FD56AF9DD44179F23488E /* ListCharactersCoordinator.swift */; };
		4FDB7E18878F4109925B5550 /* DetailCharacterCoordinator.swift in Sources */ = {isa = PBXBuildFile; fileRef = 5E58D2A6FF494563B81B0AB6 /* DetailCharacterCoordinator.swift */; };
		32E1A29D39CE4052BCCBD93D /* DetailCharacterViewController.swift in Sources */ = {isa = PBXBuildFile; fileRef = 3DF9F54FF44D48C59E7A512B /* DetailCharacterViewController.swift */; };
		BBB2C3D4E5F6789012345678 /* NavigationCoordinator.swift in Sources */ = {isa = PBXBuildFile; fileRef = AAB1C2D3E4F567890A1B2C3D /* NavigationCoordinator.swift */; };
		9941029E5E8B4E1C841B9595 /* CoordinatorSpy.swift in Sources */ = {isa = PBXBuildFile; fileRef = 361D2986EC92485BBE27626D /* CoordinatorSpy.swift */; };
		AAA33E7B86424403B41EE494 /* NavigationControllerSpy.swift in Sources */ = {isa = PBXBuildFile; fileRef = 62812BA212B04EA0A3332DAF /* NavigationControllerSpy.swift */; };
		62A64D24FBF148FC9C96B7B6 /* ListCharactersPresenterSpy.swift in Sources */ = {isa = PBXBuildFile; fileRef = F999718C32A14F03B57291BA /* ListCharactersPresenterSpy.swift */; };
		11C665E1A0434754BC325478 /* NavigationCoordinatorTests.swift in Sources */ = {isa = PBXBuildFile; fileRef = F50F999FDC134F2FBC1AE674 /* NavigationCoordinatorTests.swift */; };
		0D6A93A4DA0047F880E557F5 /* AppCoordinatorTests.swift in Sources */ = {isa = PBXBuildFile; fileRef = 81E290EAA75A481AABB9C916 /* AppCoordinatorTests.swift */; };
		84B2CDB4B18C4BCFB1E2DF7C /* ListCharactersCoordinatorTests.swift in Sources */ = {isa = PBXBuildFile; fileRef = 394E89142B384D20ABA450E9 /* ListCharactersCoordinatorTests.swift */; };
		BCF398D17CBB47258DAB5072 /* DetailCharacterCoordinatorTests.swift in Sources */ = {isa = PBXBuildFile; fileRef = 1DD07A1D63744C428AD00498 /* DetailCharacterCoordinatorTests.swift */; };
/* End PBXBuildFile section */

/* Begin PBXContainerItemProxy section */
		1A0E3AAC2862F7E300132FCB /* PBXContainerItemProxy */ = {
			isa = PBXContainerItemProxy;
			containerPortal = 1A0E3A8D2862F7E200132FCB /* Project object */;
			proxyType = 1;
			remoteGlobalIDString = 1A0E3A942862F7E200132FCB;
			remoteInfo = WallaMarvel;
		};
		1A0E3AB62862F7E300132FCB /* PBXContainerItemProxy */ = {
			isa = PBXContainerItemProxy;
			containerPortal = 1A0E3A8D2862F7E200132FCB /* Project object */;
			proxyType = 1;
			remoteGlobalIDString = 1A0E3A942862F7E200132FCB;
			remoteInfo = WallaMarvel;
		};
/* End PBXContainerItemProxy section */

/* Begin PBXFileReference section */
		098896F8E8ADBCEA320C7B48 /* AppErrorMapper.swift */ = {isa = PBXFileReference; includeInIndex = 1; lastKnownFileType = sourcecode.swift; name = AppErrorMapper.swift; path = WallaMarvel/Data/ErrorMapping/AppErrorMapper.swift; sourceTree = "<group>"; };
		1A0E3A952862F7E200132FCB /* WallaMarvel.app */ = {isa = PBXFileReference; explicitFileType = wrapper.application; includeInIndex = 0; path = WallaMarvel.app; sourceTree = BUILT_PRODUCTS_DIR; };
		1A0E3A982862F7E200132FCB /* AppDelegate.swift */ = {isa = PBXFileReference; lastKnownFileType = sourcecode.swift; path = AppDelegate.swift; sourceTree = "<group>"; };
		1A0E3A9A2862F7E200132FCB /* SceneDelegate.swift */ = {isa = PBXFileReference; lastKnownFileType = sourcecode.swift; path = SceneDelegate.swift; sourceTree = "<group>"; };
		1A0E3A9C2862F7E200132FCB /* ListCharactersViewController.swift */ = {isa = PBXFileReference; lastKnownFileType = sourcecode.swift; path = ListCharactersViewController.swift; sourceTree = "<group>"; };
		1A0E3AA12862F7E300132FCB /* Assets.xcassets */ = {isa = PBXFileReference; lastKnownFileType = folder.assetcatalog; path = Assets.xcassets; sourceTree = "<group>"; };
		1A0E3AA42862F7E300132FCB /* Base */ = {isa = PBXFileReference; lastKnownFileType = file.storyboard; name = Base; path = Base.lproj/LaunchScreen.storyboard; sourceTree = "<group>"; };
		1A0E3AA62862F7E300132FCB /* Info.plist */ = {isa = PBXFileReference; lastKnownFileType = text.plist.xml; path = Info.plist; sourceTree = "<group>"; };
		1A0E3AAB2862F7E300132FCB /* WallaMarvelTests.xctest */ = {isa = PBXFileReference; explicitFileType = wrapper.cfbundle; includeInIndex = 0; path = WallaMarvelTests.xctest; sourceTree = BUILT_PRODUCTS_DIR; };
		1A0E3AAF2862F7E300132FCB /* WallaMarvelTests.swift */ = {isa = PBXFileReference; lastKnownFileType = sourcecode.swift; path = WallaMarvelTests.swift; sourceTree = "<group>"; };
		1A0E3AB52862F7E300132FCB /* WallaMarvelUITests.xctest */ = {isa = PBXFileReference; explicitFileType = wrapper.cfbundle; includeInIndex = 0; path = WallaMarvelUITests.xctest; sourceTree = BUILT_PRODUCTS_DIR; };
		1A0E3AB92862F7E300132FCB /* WallaMarvelUITests.swift */ = {isa = PBXFileReference; lastKnownFileType = sourcecode.swift; path = WallaMarvelUITests.swift; sourceTree = "<group>"; };
		1A0E3ABB2862F7E300132FCB /* WallaMarvelUITestsLaunchTests.swift */ = {isa = PBXFileReference; lastKnownFileType = sourcecode.swift; path = WallaMarvelUITestsLaunchTests.swift; sourceTree = "<group>"; };
		1A3B7325286ADD1E007BF626 /* ListCharactersTableView.swift */ = {isa = PBXFileReference; lastKnownFileType = sourcecode.swift; path = ListCharactersTableView.swift; sourceTree = "<group>"; };
		1A3B7327286ADEE6007BF626 /* ListCharactersTableViewCell.swift */ = {isa = PBXFileReference; lastKnownFileType = sourcecode.swift; path = ListCharactersTableViewCell.swift; sourceTree = "<group>"; };
		1A3B7329286AE195007BF626 /* ListCharactersAdapter.swift */ = {isa = PBXFileReference; lastKnownFileType = sourcecode.swift; path = ListCharactersAdapter.swift; sourceTree = "<group>"; };
		1A7B9BBE286D81B600EBC1A6 /* Thumbnail.swift */ = {isa = PBXFileReference; lastKnownFileType = sourcecode.swift; path = Thumbnail.swift; sourceTree = "<group>"; };
		1A821EC82862FE3C0024D397 /* APIClient.swift */ = {isa = PBXFileReference; lastKnownFileType = sourcecode.swift; path = APIClient.swift; sourceTree = "<group>"; };
		1A821ECB2862FF990024D397 /* String+MD5.swift */ = {isa = PBXFileReference; lastKnownFileType = sourcecode.swift; path = "String+MD5.swift"; sourceTree = "<group>"; };
		1A821ED3286302EC0024D397 /* CharacterResponseDataModel.swift */ = {isa = PBXFileReference; lastKnownFileType = sourcecode.swift; path = CharacterResponseDataModel.swift; sourceTree = "<group>"; };
		1A821ED5286305590024D397 /* CharacterDataSource.swift */ = {isa = PBXFileReference; lastKnownFileType = sourcecode.swift; path = CharacterDataSource.swift; sourceTree = "<group>"; };
		1A821ED72863081A0024D397 /* CharacterRepository.swift */ = {isa = PBXFileReference; lastKnownFileType = sourcecode.swift; path = CharacterRepository.swift; sourceTree = "<group>"; };
		1A821ED92863096C0024D397 /* ListCharactersPresenter.swift */ = {isa = PBXFileReference; lastKnownFileType = sourcecode.swift; path = ListCharactersPresenter.swift; sourceTree = "<group>"; };
		1AA67B7F2F7E1186002C7F2E /* ListCharactersUISpy.swift */ = {isa = PBXFileReference; lastKnownFileType = sourcecode.swift; path = ListCharactersUISpy.swift; sourceTree = "<group>"; };
		1AA67B812F7E13EF002C7F2E /* CharacterRepositorySpy.swift */ = {isa = PBXFileReference; lastKnownFileType = sourcecode.swift; path = CharacterRepositorySpy.swift; sourceTree = "<group>"; };
		1AA67B852F7E1407002C7F2E /* GetCharactersTests.swift */ = {isa = PBXFileReference; lastKnownFileType = sourcecode.swift; path = GetCharactersTests.swift; sourceTree = "<group>"; };
		1AA67B882F7E146A002C7F2E /* TestError.swift */ = {isa = PBXFileReference; lastKnownFileType = sourcecode.swift; path = TestError.swift; sourceTree = "<group>"; };
		1AA67B8B2F7E1501002C7F2E /* URLProtocolStub.swift */ = {isa = PBXFileReference; lastKnownFileType = sourcecode.swift; path = URLProtocolStub.swift; sourceTree = "<group>"; };
		1AA67B8D2F7E1504002C7F2E /* APIClientSpy.swift */ = {isa = PBXFileReference; lastKnownFileType = sourcecode.swift; path = APIClientSpy.swift; sourceTree = "<group>"; };
		1AA67B8F2F7E1508002C7F2E /* CharacterDataSourceSpy.swift */ = {isa = PBXFileReference; lastKnownFileType = sourcecode.swift; path = CharacterDataSourceSpy.swift; sourceTree = "<group>"; };
		1AA67B912F7E151B002C7F2E /* APIClientTests.swift */ = {isa = PBXFileReference; lastKnownFileType = sourcecode.swift; path = APIClientTests.swift; sourceTree = "<group>"; };
		1AA67B932F7E1525002C7F2E /* CharacterDataSourceTests.swift */ = {isa = PBXFileReference; lastKnownFileType = sourcecode.swift; path = CharacterDataSourceTests.swift; sourceTree = "<group>"; };
		1AA67B952F7E152C002C7F2E /* CharacterRepositoryTests.swift */ = {isa = PBXFileReference; lastKnownFileType = sourcecode.swift; path = CharacterRepositoryTests.swift; sourceTree = "<group>"; };
		1AA67B982F7E1EA6002C7F2E /* Character.swift */ = {isa = PBXFileReference; lastKnownFileType = sourcecode.swift; path = Character.swift; sourceTree = "<group>"; };
		1AA67B9B2F7E1EAB002C7F2E /* CharacterDataModel+Mapping.swift */ = {isa = PBXFileReference; lastKnownFileType = sourcecode.swift; path = "CharacterDataModel+Mapping.swift"; sourceTree = "<group>"; };
		1AA67B9D2F7E1EDA002C7F2E /* Character+fixture.swift */ = {isa = PBXFileReference; lastKnownFileType = sourcecode.swift; path = "Character+fixture.swift"; sourceTree = "<group>"; };
		1AA67B9F2F7E1F82002C7F2E /* CharacterDataModelMappingTests.swift */ = {isa = PBXFileReference; lastKnownFileType = sourcecode.swift; path = CharacterDataModelMappingTests.swift; sourceTree = "<group>"; };
		1AC0347E2863214900E93178 /* GetCharacters.swift */ = {isa = PBXFileReference; lastKnownFileType = sourcecode.swift; path = GetCharacters.swift; sourceTree = "<group>"; };
		1AE537BB2F7E0459008BABB4 /* PageInfo.swift */ = {isa = PBXFileReference; lastKnownFileType = sourcecode.swift; path = PageInfo.swift; sourceTree = "<group>"; };
		1AE537BD2F7E0472008BABB4 /* Origin.swift */ = {isa = PBXFileReference; lastKnownFileType = sourcecode.swift; path = Origin.swift; sourceTree = "<group>"; };
		1AE537BF2F7E0488008BABB4 /* CharacterDataModel.swift */ = {isa = PBXFileReference; lastKnownFileType = sourcecode.swift; path = CharacterDataModel.swift; sourceTree = "<group>"; };
		1AE537C12F7E04A4008BABB4 /* Location.swift */ = {isa = PBXFileReference; lastKnownFileType = sourcecode.swift; path = Location.swift; sourceTree = "<group>"; };
		1AE537C62F7E08E0008BABB4 /* ListCharactersPresenterTests.swift */ = {isa = PBXFileReference; lastKnownFileType = sourcecode.swift; path = ListCharactersPresenterTests.swift; sourceTree = "<group>"; };
		1AE537CA2F7E0B35008BABB4 /* GetCharactersUseCaseSpy.swift */ = {isa = PBXFileReference; lastKnownFileType = sourcecode.swift; path = GetCharactersUseCaseSpy.swift; sourceTree = "<group>"; };
		1AE537CC2F7E0B65008BABB4 /* CharacterDataContainer+fixture.swift */ = {isa = PBXFileReference; lastKnownFileType = sourcecode.swift; path = "CharacterDataContainer+fixture.swift"; sourceTree = "<group>"; };
		1AE537CE2F7E0BE1008BABB4 /* PageInfo+fixture.swift */ = {isa = PBXFileReference; lastKnownFileType = sourcecode.swift; path = "PageInfo+fixture.swift"; sourceTree = "<group>"; };
		1AE537D02F7E0BE5008BABB4 /* Origin+fixture.swift */ = {isa = PBXFileReference; lastKnownFileType = sourcecode.swift; path = "Origin+fixture.swift"; sourceTree = "<group>"; };
		1AE537D22F7E0BE8008BABB4 /* Location+fixture.swift */ = {isa = PBXFileReference; lastKnownFileType = sourcecode.swift; path = "Location+fixture.swift"; sourceTree = "<group>"; };
		1AE537D42F7E0BEC008BABB4 /* Thumbnail+fixture.swift */ = {isa = PBXFileReference; lastKnownFileType = sourcecode.swift; path = "Thumbnail+fixture.swift"; sourceTree = "<group>"; };
		1AE537D62F7E0BFA008BABB4 /* CharacterDataModel+fixture.swift */ = {isa = PBXFileReference; lastKnownFileType = sourcecode.swift; path = "CharacterDataModel+fixture.swift"; sourceTree = "<group>"; };
		1DCD5856E0C7CEDDA14C48D5 /* AppError.swift */ = {isa = PBXFileReference; includeInIndex = 1; lastKnownFileType = sourcecode.swift; name = AppError.swift; path = WallaMarvel/Domain/Errors/AppError.swift; sourceTree = "<group>"; };
		7331CFD7344EAA013BAF60E8 /* AppErrorMapperTests.swift */ = {isa = PBXFileReference; includeInIndex = 1; lastKnownFileType = sourcecode.swift; path = AppErrorMapperTests.swift; sourceTree = "<group>"; };
		9D28C8FF45D193ADF868F043 /* AppErrorTests.swift */ = {isa = PBXFileReference; includeInIndex = 1; lastKnownFileType = sourcecode.swift; path = AppErrorTests.swift; sourceTree = "<group>"; };
		CFDCAA3E5318472B9C43F70A /* Coordinator.swift */ = {isa = PBXFileReference; lastKnownFileType = sourcecode.swift; path = Coordinator.swift; sourceTree = "<group>"; };
		34806026B7C74446890FEAAA /* AppCoordinator.swift */ = {isa = PBXFileReference; lastKnownFileType = sourcecode.swift; path = AppCoordinator.swift; sourceTree = "<group>"; };
		9B8FD56AF9DD44179F23488E /* ListCharactersCoordinator.swift */ = {isa = PBXFileReference; lastKnownFileType = sourcecode.swift; path = ListCharactersCoordinator.swift; sourceTree = "<group>"; };
		5E58D2A6FF494563B81B0AB6 /* DetailCharacterCoordinator.swift */ = {isa = PBXFileReference; lastKnownFileType = sourcecode.swift; path = DetailCharacterCoordinator.swift; sourceTree = "<group>"; };
		3DF9F54FF44D48C59E7A512B /* DetailCharacterViewController.swift */ = {isa = PBXFileReference; lastKnownFileType = sourcecode.swift; path = DetailCharacterViewController.swift; sourceTree = "<group>"; };
		AAB1C2D3E4F567890A1B2C3D /* NavigationCoordinator.swift */ = {isa = PBXFileReference; lastKnownFileType = sourcecode.swift; path = NavigationCoordinator.swift; sourceTree = "<group>"; };
		361D2986EC92485BBE27626D /* CoordinatorSpy.swift */ = {isa = PBXFileReference; lastKnownFileType = sourcecode.swift; path = CoordinatorSpy.swift; sourceTree = "<group>"; };
		62812BA212B04EA0A3332DAF /* NavigationControllerSpy.swift */ = {isa = PBXFileReference; lastKnownFileType = sourcecode.swift; path = NavigationControllerSpy.swift; sourceTree = "<group>"; };
		F999718C32A14F03B57291BA /* ListCharactersPresenterSpy.swift */ = {isa = PBXFileReference; lastKnownFileType = sourcecode.swift; path = ListCharactersPresenterSpy.swift; sourceTree = "<group>"; };
		F50F999FDC134F2FBC1AE674 /* NavigationCoordinatorTests.swift */ = {isa = PBXFileReference; lastKnownFileType = sourcecode.swift; path = NavigationCoordinatorTests.swift; sourceTree = "<group>"; };
		81E290EAA75A481AABB9C916 /* AppCoordinatorTests.swift */ = {isa = PBXFileReference; lastKnownFileType = sourcecode.swift; path = AppCoordinatorTests.swift; sourceTree = "<group>"; };
		394E89142B384D20ABA450E9 /* ListCharactersCoordinatorTests.swift */ = {isa = PBXFileReference; lastKnownFileType = sourcecode.swift; path = ListCharactersCoordinatorTests.swift; sourceTree = "<group>"; };
		1DD07A1D63744C428AD00498 /* DetailCharacterCoordinatorTests.swift */ = {isa = PBXFileReference; lastKnownFileType = sourcecode.swift; path = DetailCharacterCoordinatorTests.swift; sourceTree = "<group>"; };
/* End PBXFileReference section */

/* Begin PBXFrameworksBuildPhase section */
		1A0E3A922862F7E200132FCB /* Frameworks */ = {
			isa = PBXFrameworksBuildPhase;
			buildActionMask = 2147483647;
			files = (
				A66389F32DCE202500466318 /* Kingfisher in Frameworks */,
			);
			runOnlyForDeploymentPostprocessing = 0;
		};
		1A0E3AA82862F7E300132FCB /* Frameworks */ = {
			isa = PBXFrameworksBuildPhase;
			buildActionMask = 2147483647;
			files = (
			);
			runOnlyForDeploymentPostprocessing = 0;
		};
		1A0E3AB22862F7E300132FCB /* Frameworks */ = {
			isa = PBXFrameworksBuildPhase;
			buildActionMask = 2147483647;
			files = (
			);
			runOnlyForDeploymentPostprocessing = 0;
		};
/* End PBXFrameworksBuildPhase section */

/* Begin PBXGroup section */
		1A0E3A8C2862F7E200132FCB = {
			isa = PBXGroup;
			children = (
				1A0E3A972862F7E200132FCB /* WallaMarvel */,
				1A0E3AAE2862F7E300132FCB /* WallaMarvelTests */,
				1A0E3AB82862F7E300132FCB /* WallaMarvelUITests */,
				1A0E3A962862F7E200132FCB /* Products */,
				A6E019FA656C27733E0A999D /* Domain */,
				41AFB9F4A3B9E57DF53A303D /* Data */,
			);
			sourceTree = "<group>";
		};
		1A0E3A962862F7E200132FCB /* Products */ = {
			isa = PBXGroup;
			children = (
				1A0E3A952862F7E200132FCB /* WallaMarvel.app */,
				1A0E3AAB2862F7E300132FCB /* WallaMarvelTests.xctest */,
				1A0E3AB52862F7E300132FCB /* WallaMarvelUITests.xctest */,
			);
			name = Products;
			sourceTree = "<group>";
		};
		1A0E3A972862F7E200132FCB /* WallaMarvel */ = {
			isa = PBXGroup;
			children = (
				1A8F39CD2F7DF583005F4921 /* Presentation */,
				1A0E3A982862F7E200132FCB /* AppDelegate.swift */,
				1A0E3A9A2862F7E200132FCB /* SceneDelegate.swift */,
				1A821EC62862FD650024D397 /* Domain */,
				1A821EC72862FD6E0024D397 /* Data */,
				1A0E3AA12862F7E300132FCB /* Assets.xcassets */,
				1A0E3AA32862F7E300132FCB /* LaunchScreen.storyboard */,
				1A0E3AA62862F7E300132FCB /* Info.plist */,
			);
			path = WallaMarvel;
			sourceTree = "<group>";
		};
		1A0E3AAE2862F7E300132FCB /* WallaMarvelTests */ = {
			isa = PBXGroup;
			children = (
				1AE537C92F7E0B28008BABB4 /* Fixtures */,
				1AE537C82F7E0AC8008BABB4 /* Spies */,
				1AE537C32F7E0873008BABB4 /* Presentation */,
				1A0E3AAF2862F7E300132FCB /* WallaMarvelTests.swift */,
				1AA67B832F7E13FE002C7F2E /* Domain */,
				1AA67B872F7E1468002C7F2E /* Utils */,
				1AA67B8A2F7E14ED002C7F2E /* Data */,
			);
			path = WallaMarvelTests;
			sourceTree = "<group>";
		};
		1A0E3AB82862F7E300132FCB /* WallaMarvelUITests */ = {
			isa = PBXGroup;
			children = (
				1A0E3AB92862F7E300132FCB /* WallaMarvelUITests.swift */,
				1A0E3ABB2862F7E300132FCB /* WallaMarvelUITestsLaunchTests.swift */,
			);
			path = WallaMarvelUITests;
			sourceTree = "<group>";
		};
		1A821EC42862FD470024D397 /* ListCharacter */ = {
			isa = PBXGroup;
			children = (
				1A821EC52862FD500024D397 /* DetailCharacter */,
				1A0E3A9C2862F7E200132FCB /* ListCharactersViewController.swift */,
				1A3B7329286AE195007BF626 /* ListCharactersAdapter.swift */,
				1A3B7325286ADD1E007BF626 /* ListCharactersTableView.swift */,
				1A3B7327286ADEE6007BF626 /* ListCharactersTableViewCell.swift */,
				1A821ED92863096C0024D397 /* ListCharactersPresenter.swift */,
			);
			path = ListCharacter;
			sourceTree = "<group>";
		};
		1A821EC52862FD500024D397 /* DetailCharacter */ = {
			isa = PBXGroup;
			children = (
				3DF9F54FF44D48C59E7A512B /* DetailCharacterViewController.swift */,
			);
			path = DetailCharacter;
			sourceTree = "<group>";
		};
		1A821EC62862FD650024D397 /* Domain */ = {
			isa = PBXGroup;
			children = (
				1A821ED72863081A0024D397 /* CharacterRepository.swift */,
				1AC0347D286320F000E93178 /* UseCases */,
				1AA67B972F7E1EA4002C7F2E /* Entities */,
			);
			path = Domain;
			sourceTree = "<group>";
		};
		1A821EC72862FD6E0024D397 /* Data */ = {
			isa = PBXGroup;
			children = (
				1A821ED5286305590024D397 /* CharacterDataSource.swift */,
				1A821EC82862FE3C0024D397 /* APIClient.swift */,
				1A821ED2286302D40024D397 /* DataModel */,
				1A821ECA2862FF910024D397 /* Helpers */,
				1AA67B9A2F7E1EA8002C7F2E /* Mapping */,
			);
			path = Data;
			sourceTree = "<group>";
		};
		1A821ECA2862FF910024D397 /* Helpers */ = {
			isa = PBXGroup;
			children = (
				1A821ECB2862FF990024D397 /* String+MD5.swift */,
			);
			path = Helpers;
			sourceTree = "<group>";
		};
		1A821ED2286302D40024D397 /* DataModel */ = {
			isa = PBXGroup;
			children = (
				1AE537C12F7E04A4008BABB4 /* Location.swift */,
				1AE537BF2F7E0488008BABB4 /* CharacterDataModel.swift */,
				1AE537BD2F7E0472008BABB4 /* Origin.swift */,
				1AE537BB2F7E0459008BABB4 /* PageInfo.swift */,
				1A821ED3286302EC0024D397 /* CharacterResponseDataModel.swift */,
				1A7B9BBE286D81B600EBC1A6 /* Thumbnail.swift */,
			);
			path = DataModel;
			sourceTree = "<group>";
		};
		1A8F39CD2F7DF583005F4921 /* Presentation */ = {
			isa = PBXGroup;
			children = (
				9F11DE6BE37B4086AF398B8F /* Coordinators */,
				1A821EC42862FD470024D397 /* ListCharacter */,
			);
			path = Presentation;
			sourceTree = "<group>";
		};
		9F11DE6BE37B4086AF398B8F /* Coordinators */ = {
			isa = PBXGroup;
			children = (
				CFDCAA3E5318472B9C43F70A /* Coordinator.swift */,
				AAB1C2D3E4F567890A1B2C3D /* NavigationCoordinator.swift */,
				34806026B7C74446890FEAAA /* AppCoordinator.swift */,
				9B8FD56AF9DD44179F23488E /* ListCharactersCoordinator.swift */,
				5E58D2A6FF494563B81B0AB6 /* DetailCharacterCoordinator.swift */,
			);
			path = Coordinators;
			sourceTree = "<group>";
		};
		1AA67B832F7E13FE002C7F2E /* Domain */ = {
			isa = PBXGroup;
			children = (
				1AA67B842F7E1400002C7F2E /* UseCases */,
				1AA67B952F7E152C002C7F2E /* CharacterRepositoryTests.swift */,
				9D28C8FF45D193ADF868F043 /* AppErrorTests.swift */,
			);
			path = Domain;
			sourceTree = "<group>";
		};
		1AA67B842F7E1400002C7F2E /* UseCases */ = {
			isa = PBXGroup;
			children = (
				1AA67B852F7E1407002C7F2E /* GetCharactersTests.swift */,
			);
			path = UseCases;
			sourceTree = "<group>";
		};
		1AA67B872F7E1468002C7F2E /* Utils */ = {
			isa = PBXGroup;
			children = (
				1AA67B882F7E146A002C7F2E /* TestError.swift */,
				1AA67B8B2F7E1501002C7F2E /* URLProtocolStub.swift */,
			);
			path = Utils;
			sourceTree = "<group>";
		};
		1AA67B8A2F7E14ED002C7F2E /* Data */ = {
			isa = PBXGroup;
			children = (
				1AA67B912F7E151B002C7F2E /* APIClientTests.swift */,
				1AA67B9F2F7E1F82002C7F2E /* CharacterDataModelMappingTests.swift */,
				1AA67B932F7E1525002C7F2E /* CharacterDataSourceTests.swift */,
				7331CFD7344EAA013BAF60E8 /* AppErrorMapperTests.swift */,
			);
			path = Data;
			sourceTree = "<group>";
		};
		1AA67B972F7E1EA4002C7F2E /* Entities */ = {
			isa = PBXGroup;
			children = (
				1AA67B982F7E1EA6002C7F2E /* Character.swift */,
			);
			path = Entities;
			sourceTree = "<group>";
		};
		1AA67B9A2F7E1EA8002C7F2E /* Mapping */ = {
			isa = PBXGroup;
			children = (
				1AA67B9B2F7E1EAB002C7F2E /* CharacterDataModel+Mapping.swift */,
			);
			path = Mapping;
			sourceTree = "<group>";
		};
		1AC0347D286320F000E93178 /* UseCases */ = {
			isa = PBXGroup;
			children = (
				1AC0347E2863214900E93178 /* GetCharacters.swift */,
			);
			path = UseCases;
			sourceTree = "<group>";
		};
		1AE537C32F7E0873008BABB4 /* Presentation */ = {
			isa = PBXGroup;
			children = (
				1AE537C62F7E08E0008BABB4 /* ListCharactersPresenterTests.swift */,
				F50F999FDC134F2FBC1AE674 /* NavigationCoordinatorTests.swift */,
				81E290EAA75A481AABB9C916 /* AppCoordinatorTests.swift */,
				394E89142B384D20ABA450E9 /* ListCharactersCoordinatorTests.swift */,
				1DD07A1D63744C428AD00498 /* DetailCharacterCoordinatorTests.swift */,
			);
			path = Presentation;
			sourceTree = "<group>";
		};
		1AE537C82F7E0AC8008BABB4 /* Spies */ = {
			isa = PBXGroup;
			children = (
				1AE537CA2F7E0B35008BABB4 /* GetCharactersUseCaseSpy.swift */,
				1AA67B7F2F7E1186002C7F2E /* ListCharactersUISpy.swift */,
				1AA67B812F7E13EF002C7F2E /* CharacterRepositorySpy.swift */,
				1AA67B8D2F7E1504002C7F2E /* APIClientSpy.swift */,
				1AA67B8F2F7E1508002C7F2E /* CharacterDataSourceSpy.swift */,
				361D2986EC92485BBE27626D /* CoordinatorSpy.swift */,
				62812BA212B04EA0A3332DAF /* NavigationControllerSpy.swift */,
				F999718C32A14F03B57291BA /* ListCharactersPresenterSpy.swift */,
			);
			path = Spies;
			sourceTree = "<group>";
		};
		1AE537C92F7E0B28008BABB4 /* Fixtures */ = {
			isa = PBXGroup;
			children = (
				1AE537CC2F7E0B65008BABB4 /* CharacterDataContainer+fixture.swift */,
				1AE537CE2F7E0BE1008BABB4 /* PageInfo+fixture.swift */,
				1AE537D02F7E0BE5008BABB4 /* Origin+fixture.swift */,
				1AE537D22F7E0BE8008BABB4 /* Location+fixture.swift */,
				1AE537D42F7E0BEC008BABB4 /* Thumbnail+fixture.swift */,
				1AE537D62F7E0BFA008BABB4 /* CharacterDataModel+fixture.swift */,
				1AA67B9D2F7E1EDA002C7F2E /* Character+fixture.swift */,
			);
			path = Fixtures;
			sourceTree = "<group>";
		};
		2F237B39EFA072E22617230A /* Errors */ = {
			isa = PBXGroup;
			children = (
				1DCD5856E0C7CEDDA14C48D5 /* AppError.swift */,
			);
			name = Errors;
			sourceTree = "<group>";
		};
		360E950CD5EEA36D950549EF /* ErrorMapping */ = {
			isa = PBXGroup;
			children = (
				098896F8E8ADBCEA320C7B48 /* AppErrorMapper.swift */,
			);
			name = ErrorMapping;
			sourceTree = "<group>";
		};
		41AFB9F4A3B9E57DF53A303D /* Data */ = {
			isa = PBXGroup;
			children = (
				360E950CD5EEA36D950549EF /* ErrorMapping */,
			);
			name = Data;
			sourceTree = "<group>";
		};
		A6E019FA656C27733E0A999D /* Domain */ = {
			isa = PBXGroup;
			children = (
				2F237B39EFA072E22617230A /* Errors */,
			);
			name = Domain;
			sourceTree = "<group>";
		};
/* End PBXGroup section */

/* Begin PBXNativeTarget section */
		1A0E3A942862F7E200132FCB /* WallaMarvel */ = {
			isa = PBXNativeTarget;
			buildConfigurationList = 1A0E3ABF2862F7E300132FCB /* Build configuration list for PBXNativeTarget "WallaMarvel" */;
			buildPhases = (
				1A0E3A912862F7E200132FCB /* Sources */,
				1A0E3A922862F7E200132FCB /* Frameworks */,
				1A0E3A932862F7E200132FCB /* Resources */,
			);
			buildRules = (
			);
			dependencies = (
			);
			name = WallaMarvel;
			productName = WallaMarvel;
			productReference = 1A0E3A952862F7E200132FCB /* WallaMarvel.app */;
			productType = "com.apple.product-type.application";
		};
		1A0E3AAA2862F7E300132FCB /* WallaMarvelTests */ = {
			isa = PBXNativeTarget;
			buildConfigurationList = 1A0E3AC22862F7E300132FCB /* Build configuration list for PBXNativeTarget "WallaMarvelTests" */;
			buildPhases = (
				1A0E3AA72862F7E300132FCB /* Sources */,
				1A0E3AA82862F7E300132FCB /* Frameworks */,
				1A0E3AA92862F7E300132FCB /* Resources */,
			);
			buildRules = (
			);
			dependencies = (
				1A0E3AAD2862F7E300132FCB /* PBXTargetDependency */,
			);
			name = WallaMarvelTests;
			productName = WallaMarvelTests;
			productReference = 1A0E3AAB2862F7E300132FCB /* WallaMarvelTests.xctest */;
			productType = "com.apple.product-type.bundle.unit-test";
		};
		1A0E3AB42862F7E300132FCB /* WallaMarvelUITests */ = {
			isa = PBXNativeTarget;
			buildConfigurationList = 1A0E3AC52862F7E300132FCB /* Build configuration list for PBXNativeTarget "WallaMarvelUITests" */;
			buildPhases = (
				1A0E3AB12862F7E300132FCB /* Sources */,
				1A0E3AB22862F7E300132FCB /* Frameworks */,
				1A0E3AB32862F7E300132FCB /* Resources */,
			);
			buildRules = (
			);
			dependencies = (
				1A0E3AB72862F7E300132FCB /* PBXTargetDependency */,
			);
			name = WallaMarvelUITests;
			productName = WallaMarvelUITests;
			productReference = 1A0E3AB52862F7E300132FCB /* WallaMarvelUITests.xctest */;
			productType = "com.apple.product-type.bundle.ui-testing";
		};
/* End PBXNativeTarget section */

/* Begin PBXProject section */
		1A0E3A8D2862F7E200132FCB /* Project object */ = {
			isa = PBXProject;
			attributes = {
				BuildIndependentTargetsInParallel = 1;
				LastSwiftUpdateCheck = 1340;
				LastUpgradeCheck = 1340;
				TargetAttributes = {
					1A0E3A942862F7E200132FCB = {
						CreatedOnToolsVersion = 13.4.1;
					};
					1A0E3AAA2862F7E300132FCB = {
						CreatedOnToolsVersion = 13.4.1;
						TestTargetID = 1A0E3A942862F7E200132FCB;
					};
					1A0E3AB42862F7E300132FCB = {
						CreatedOnToolsVersion = 13.4.1;
						TestTargetID = 1A0E3A942862F7E200132FCB;
					};
				};
			};
			buildConfigurationList = 1A0E3A902862F7E200132FCB /* Build configuration list for PBXProject "WallaMarvel" */;
			compatibilityVersion = "Xcode 13.0";
			developmentRegion = en;
			hasScannedForEncodings = 0;
			knownRegions = (
				en,
				Base,
			);
			mainGroup = 1A0E3A8C2862F7E200132FCB;
			packageReferences = (
				A66389F12DCE202500466318 /* XCRemoteSwiftPackageReference "Kingfisher" */,
			);
			productRefGroup = 1A0E3A962862F7E200132FCB /* Products */;
			projectDirPath = "";
			projectRoot = "";
			targets = (
				1A0E3A942862F7E200132FCB /* WallaMarvel */,
				1A0E3AAA2862F7E300132FCB /* WallaMarvelTests */,
				1A0E3AB42862F7E300132FCB /* WallaMarvelUITests */,
			);
		};
/* End PBXProject section */

/* Begin PBXResourcesBuildPhase section */
		1A0E3A932862F7E200132FCB /* Resources */ = {
			isa = PBXResourcesBuildPhase;
			buildActionMask = 2147483647;
			files = (
				1A0E3AA52862F7E300132FCB /* LaunchScreen.storyboard in Resources */,
				1A0E3AA22862F7E300132FCB /* Assets.xcassets in Resources */,
			);
			runOnlyForDeploymentPostprocessing = 0;
		};
		1A0E3AA92862F7E300132FCB /* Resources */ = {
			isa = PBXResourcesBuildPhase;
			buildActionMask = 2147483647;
			files = (
			);
			runOnlyForDeploymentPostprocessing = 0;
		};
		1A0E3AB32862F7E300132FCB /* Resources */ = {
			isa = PBXResourcesBuildPhase;
			buildActionMask = 2147483647;
			files = (
			);
			runOnlyForDeploymentPostprocessing = 0;
		};
/* End PBXResourcesBuildPhase section */

/* Begin PBXSourcesBuildPhase section */
		1A0E3A912862F7E200132FCB /* Sources */ = {
			isa = PBXSourcesBuildPhase;
			buildActionMask = 2147483647;
			files = (
				1A821ED82863081A0024D397 /* CharacterRepository.swift in Sources */,
				1A0E3A9D2862F7E200132FCB /* ListCharactersViewController.swift in Sources */,
				1AE537C02F7E048C008BABB4 /* CharacterDataModel.swift in Sources */,
				1AE537BC2F7E045C008BABB4 /* PageInfo.swift in Sources */,
				1AE537C22F7E04A9008BABB4 /* Location.swift in Sources */,
				1AC0347F2863214900E93178 /* GetCharacters.swift in Sources */,
				1A0E3A992862F7E200132FCB /* AppDelegate.swift in Sources */,
				1A821ECC2862FF990024D397 /* String+MD5.swift in Sources */,
				1A821ED6286305590024D397 /* CharacterDataSource.swift in Sources */,
				1A3B732A286AE195007BF626 /* ListCharactersAdapter.swift in Sources */,
				1A7B9BBF286D81B600EBC1A6 /* Thumbnail.swift in Sources */,
				1A821EDA2863096C0024D397 /* ListCharactersPresenter.swift in Sources */,
				1AA67B9C2F7E1EAB002C7F2E /* CharacterDataModel+Mapping.swift in Sources */,
				1A0E3A9B2862F7E200132FCB /* SceneDelegate.swift in Sources */,
				1A3B7326286ADD1E007BF626 /* ListCharactersTableView.swift in Sources */,
				1A3B7328286ADEE6007BF626 /* ListCharactersTableViewCell.swift in Sources */,
				1A821ED4286302EC0024D397 /* CharacterResponseDataModel.swift in Sources */,
				1A821EC92862FE3C0024D397 /* APIClient.swift in Sources */,
				1AE537BE2F7E0474008BABB4 /* Origin.swift in Sources */,
				1AA67B992F7E1EA6002C7F2E /* Character.swift in Sources */,
				F585F2C321223DDD15051939 /* AppError.swift in Sources */,
				C0E34B0FEA5F574586DAEE37 /* AppErrorMapper.swift in Sources */,
				ECEE354E22C34945A90688BC /* Coordinator.swift in Sources */,
				70FE356A1D2E46CF8F23A409 /* AppCoordinator.swift in Sources */,
				C1E036C813C242EE8DC3E642 /* ListCharactersCoordinator.swift in Sources */,
				4FDB7E18878F4109925B5550 /* DetailCharacterCoordinator.swift in Sources */,
				32E1A29D39CE4052BCCBD93D /* DetailCharacterViewController.swift in Sources */,
				BBB2C3D4E5F6789012345678 /* NavigationCoordinator.swift in Sources */,
			);
			runOnlyForDeploymentPostprocessing = 0;
		};
		1A0E3AA72862F7E300132FCB /* Sources */ = {
			isa = PBXSourcesBuildPhase;
			buildActionMask = 2147483647;
			files = (
				1AA67B862F7E1407002C7F2E /* GetCharactersTests.swift in Sources */,
				1AA67B8E2F7E1504002C7F2E /* APIClientSpy.swift in Sources */,
				1AA67B902F7E1508002C7F2E /* CharacterDataSourceSpy.swift in Sources */,
				1AA67B8C2F7E1501002C7F2E /* URLProtocolStub.swift in Sources */,
				1AE537C72F7E08E0008BABB4 /* ListCharactersPresenterTests.swift in Sources */,
				1AA67B9E2F7E1EDA002C7F2E /* Character+fixture.swift in Sources */,
				1AE537D72F7E0BFA008BABB4 /* CharacterDataModel+fixture.swift in Sources */,
				1AE537CD2F7E0B6C008BABB4 /* CharacterDataContainer+fixture.swift in Sources */,
				1A86FC102F7F75B9000A34FE /* CharacterDataModelMappingTests.swift in Sources */,
				1AA67B822F7E13EF002C7F2E /* CharacterRepositorySpy.swift in Sources */,
				1AE537CF2F7E0BE1008BABB4 /* PageInfo+fixture.swift in Sources */,
				1AA67B942F7E1525002C7F2E /* CharacterDataSourceTests.swift in Sources */,
				1AA67B802F7E1186002C7F2E /* ListCharactersUISpy.swift in Sources */,
				1AA67B922F7E151B002C7F2E /* APIClientTests.swift in Sources */,
				1AA67B892F7E146A002C7F2E /* TestError.swift in Sources */,
				1AA67B962F7E152C002C7F2E /* CharacterRepositoryTests.swift in Sources */,
				1A0E3AB02862F7E300132FCB /* WallaMarvelTests.swift in Sources */,
				1AE537CB2F7E0B36008BABB4 /* GetCharactersUseCaseSpy.swift in Sources */,
				1AE537D12F7E0BE5008BABB4 /* Origin+fixture.swift in Sources */,
				1AE537D52F7E0BEC008BABB4 /* Thumbnail+fixture.swift in Sources */,
				1AE537D32F7E0BE8008BABB4 /* Location+fixture.swift in Sources */,
				F8958390974A92B22B51A0CE /* AppErrorMapperTests.swift in Sources */,
				6FF50D79AFADE4D4FA3E6F4A /* AppErrorTests.swift in Sources */,
				9941029E5E8B4E1C841B9595 /* CoordinatorSpy.swift in Sources */,
				AAA33E7B86424403B41EE494 /* NavigationControllerSpy.swift in Sources */,
				62A64D24FBF148FC9C96B7B6 /* ListCharactersPresenterSpy.swift in Sources */,
				11C665E1A0434754BC325478 /* NavigationCoordinatorTests.swift in Sources */,
				0D6A93A4DA0047F880E557F5 /* AppCoordinatorTests.swift in Sources */,
				84B2CDB4B18C4BCFB1E2DF7C /* ListCharactersCoordinatorTests.swift in Sources */,
				BCF398D17CBB47258DAB5072 /* DetailCharacterCoordinatorTests.swift in Sources */,
			);
			runOnlyForDeploymentPostprocessing = 0;
		};
		1A0E3AB12862F7E300132FCB /* Sources */ = {
			isa = PBXSourcesBuildPhase;
			buildActionMask = 2147483647;
			files = (
				1A0E3ABA2862F7E300132FCB /* WallaMarvelUITests.swift in Sources */,
				1A0E3ABC2862F7E300132FCB /* WallaMarvelUITestsLaunchTests.swift in Sources */,
			);
			runOnlyForDeploymentPostprocessing = 0;
		};
/* End PBXSourcesBuildPhase section */

/* Begin PBXTargetDependency section */
		1A0E3AAD2862F7E300132FCB /* PBXTargetDependency */ = {
			isa = PBXTargetDependency;
			target = 1A0E3A942862F7E200132FCB /* WallaMarvel */;
			targetProxy = 1A0E3AAC2862F7E300132FCB /* PBXContainerItemProxy */;
		};
		1A0E3AB72862F7E300132FCB /* PBXTargetDependency */ = {
			isa = PBXTargetDependency;
			target = 1A0E3A942862F7E200132FCB /* WallaMarvel */;
			targetProxy = 1A0E3AB62862F7E300132FCB /* PBXContainerItemProxy */;
		};
/* End PBXTargetDependency section */

/* Begin PBXVariantGroup section */
		1A0E3AA32862F7E300132FCB /* LaunchScreen.storyboard */ = {
			isa = PBXVariantGroup;
			children = (
				1A0E3AA42862F7E300132FCB /* Base */,
			);
			name = LaunchScreen.storyboard;
			sourceTree = "<group>";
		};
/* End PBXVariantGroup section */

/* Begin XCBuildConfiguration section */
		1A0E3ABD2862F7E300132FCB /* Debug */ = {
			isa = XCBuildConfiguration;
			buildSettings = {
				ALWAYS_SEARCH_USER_PATHS = NO;
				CLANG_ANALYZER_NONNULL = YES;
				CLANG_ANALYZER_NUMBER_OBJECT_CONVERSION = YES_AGGRESSIVE;
				CLANG_CXX_LANGUAGE_STANDARD = "gnu++17";
				CLANG_ENABLE_MODULES = YES;
				CLANG_ENABLE_OBJC_ARC = YES;
				CLANG_ENABLE_OBJC_WEAK = YES;
				CLANG_WARN_BLOCK_CAPTURE_AUTORELEASING = YES;
				CLANG_WARN_BOOL_CONVERSION = YES;
				CLANG_WARN_COMMA = YES;
				CLANG_WARN_CONSTANT_CONVERSION = YES;
				CLANG_WARN_DEPRECATED_OBJC_IMPLEMENTATIONS = YES;
				CLANG_WARN_DIRECT_OBJC_ISA_USAGE = YES_ERROR;
				CLANG_WARN_DOCUMENTATION_COMMENTS = YES;
				CLANG_WARN_EMPTY_BODY = YES;
				CLANG_WARN_ENUM_CONVERSION = YES;
				CLANG_WARN_INFINITE_RECURSION = YES;
				CLANG_WARN_INT_CONVERSION = YES;
				CLANG_WARN_NON_LITERAL_NULL_CONVERSION = YES;
				CLANG_WARN_OBJC_IMPLICIT_RETAIN_SELF = YES;
				CLANG_WARN_OBJC_LITERAL_CONVERSION = YES;
				CLANG_WARN_OBJC_ROOT_CLASS = YES_ERROR;
				CLANG_WARN_QUOTED_INCLUDE_IN_FRAMEWORK_HEADER = YES;
				CLANG_WARN_RANGE_LOOP_ANALYSIS = YES;
				CLANG_WARN_STRICT_PROTOTYPES = YES;
				CLANG_WARN_SUSPICIOUS_MOVE = YES;
				CLANG_WARN_UNGUARDED_AVAILABILITY = YES_AGGRESSIVE;
				CLANG_WARN_UNREACHABLE_CODE = YES;
				CLANG_WARN__DUPLICATE_METHOD_MATCH = YES;
				COPY_PHASE_STRIP = NO;
				DEBUG_INFORMATION_FORMAT = dwarf;
				ENABLE_STRICT_OBJC_MSGSEND = YES;
				ENABLE_TESTABILITY = YES;
				GCC_C_LANGUAGE_STANDARD = gnu11;
				GCC_DYNAMIC_NO_PIC = NO;
				GCC_NO_COMMON_BLOCKS = YES;
				GCC_OPTIMIZATION_LEVEL = 0;
				GCC_PREPROCESSOR_DEFINITIONS = (
					"DEBUG=1",
					"$(inherited)",
				);
				GCC_WARN_64_TO_32_BIT_CONVERSION = YES;
				GCC_WARN_ABOUT_RETURN_TYPE = YES_ERROR;
				GCC_WARN_UNDECLARED_SELECTOR = YES;
				GCC_WARN_UNINITIALIZED_AUTOS = YES_AGGRESSIVE;
				GCC_WARN_UNUSED_FUNCTION = YES;
				GCC_WARN_UNUSED_VARIABLE = YES;
				IPHONEOS_DEPLOYMENT_TARGET = 15.5;
				MTL_ENABLE_DEBUG_INFO = INCLUDE_SOURCE;
				MTL_FAST_MATH = YES;
				ONLY_ACTIVE_ARCH = YES;
				SDKROOT = iphoneos;
				SWIFT_ACTIVE_COMPILATION_CONDITIONS = DEBUG;
				SWIFT_OPTIMIZATION_LEVEL = "-Onone";
			};
			name = Debug;
		};
		1A0E3ABE2862F7E300132FCB /* Release */ = {
			isa = XCBuildConfiguration;
			buildSettings = {
				ALWAYS_SEARCH_USER_PATHS = NO;
				CLANG_ANALYZER_NONNULL = YES;
				CLANG_ANALYZER_NUMBER_OBJECT_CONVERSION = YES_AGGRESSIVE;
				CLANG_CXX_LANGUAGE_STANDARD = "gnu++17";
				CLANG_ENABLE_MODULES = YES;
				CLANG_ENABLE_OBJC_ARC = YES;
				CLANG_ENABLE_OBJC_WEAK = YES;
				CLANG_WARN_BLOCK_CAPTURE_AUTORELEASING = YES;
				CLANG_WARN_BOOL_CONVERSION = YES;
				CLANG_WARN_COMMA = YES;
				CLANG_WARN_CONSTANT_CONVERSION = YES;
				CLANG_WARN_DEPRECATED_OBJC_IMPLEMENTATIONS = YES;
				CLANG_WARN_DIRECT_OBJC_ISA_USAGE = YES_ERROR;
				CLANG_WARN_DOCUMENTATION_COMMENTS = YES;
				CLANG_WARN_EMPTY_BODY = YES;
				CLANG_WARN_ENUM_CONVERSION = YES;
				CLANG_WARN_INFINITE_RECURSION = YES;
				CLANG_WARN_INT_CONVERSION = YES;
				CLANG_WARN_NON_LITERAL_NULL_CONVERSION = YES;
				CLANG_WARN_OBJC_IMPLICIT_RETAIN_SELF = YES;
				CLANG_WARN_OBJC_LITERAL_CONVERSION = YES;
				CLANG_WARN_OBJC_ROOT_CLASS = YES_ERROR;
				CLANG_WARN_QUOTED_INCLUDE_IN_FRAMEWORK_HEADER = YES;
				CLANG_WARN_RANGE_LOOP_ANALYSIS = YES;
				CLANG_WARN_STRICT_PROTOTYPES = YES;
				CLANG_WARN_SUSPICIOUS_MOVE = YES;
				CLANG_WARN_UNGUARDED_AVAILABILITY = YES_AGGRESSIVE;
				CLANG_WARN_UNREACHABLE_CODE = YES;
				CLANG_WARN__DUPLICATE_METHOD_MATCH = YES;
				COPY_PHASE_STRIP = NO;
				DEBUG_INFORMATION_FORMAT = "dwarf-with-dsym";
				ENABLE_NS_ASSERTIONS = NO;
				ENABLE_STRICT_OBJC_MSGSEND = YES;
				GCC_C_LANGUAGE_STANDARD = gnu11;
				GCC_NO_COMMON_BLOCKS = YES;
				GCC_WARN_64_TO_32_BIT_CONVERSION = YES;
				GCC_WARN_ABOUT_RETURN_TYPE = YES_ERROR;
				GCC_WARN_UNDECLARED_SELECTOR = YES;
				GCC_WARN_UNINITIALIZED_AUTOS = YES_AGGRESSIVE;
				GCC_WARN_UNUSED_FUNCTION = YES;
				GCC_WARN_UNUSED_VARIABLE = YES;
				IPHONEOS_DEPLOYMENT_TARGET = 15.5;
				MTL_ENABLE_DEBUG_INFO = NO;
				MTL_FAST_MATH = YES;
				SDKROOT = iphoneos;
				SWIFT_COMPILATION_MODE = wholemodule;
				SWIFT_OPTIMIZATION_LEVEL = "-O";
				VALIDATE_PRODUCT = YES;
			};
			name = Release;
		};
		1A0E3AC02862F7E300132FCB /* Debug */ = {
			isa = XCBuildConfiguration;
			buildSettings = {
				ASSETCATALOG_COMPILER_APPICON_NAME = AppIcon;
				ASSETCATALOG_COMPILER_GLOBAL_ACCENT_COLOR_NAME = AccentColor;
				CODE_SIGN_IDENTITY = "Apple Development";
				CODE_SIGN_STYLE = Automatic;
				CURRENT_PROJECT_VERSION = 1;
				DEVELOPMENT_TEAM = FB627NQ75M;
				GENERATE_INFOPLIST_FILE = YES;
				INFOPLIST_FILE = WallaMarvel/Info.plist;
				INFOPLIST_KEY_UIApplicationSupportsIndirectInputEvents = YES;
				INFOPLIST_KEY_UILaunchStoryboardName = LaunchScreen;
				INFOPLIST_KEY_UISupportedInterfaceOrientations_iPad = "UIInterfaceOrientationPortrait UIInterfaceOrientationPortraitUpsideDown UIInterfaceOrientationLandscapeLeft UIInterfaceOrientationLandscapeRight";
				INFOPLIST_KEY_UISupportedInterfaceOrientations_iPhone = "UIInterfaceOrientationPortrait UIInterfaceOrientationLandscapeLeft UIInterfaceOrientationLandscapeRight";
				IPHONEOS_DEPLOYMENT_TARGET = 13.0;
				LD_RUNPATH_SEARCH_PATHS = (
					"$(inherited)",
					"@executable_path/Frameworks",
				);
				MARKETING_VERSION = 1.0;
				PRODUCT_BUNDLE_IDENTIFIER = com.josealcidesjunior.WallaMarvel;
				PRODUCT_NAME = "$(TARGET_NAME)";
				PROVISIONING_PROFILE_SPECIFIER = "";
				SWIFT_EMIT_LOC_STRINGS = YES;
				SWIFT_VERSION = 5.0;
				TARGETED_DEVICE_FAMILY = "1,2";
			};
			name = Debug;
		};
		1A0E3AC12862F7E300132FCB /* Release */ = {
			isa = XCBuildConfiguration;
			buildSettings = {
				ASSETCATALOG_COMPILER_APPICON_NAME = AppIcon;
				ASSETCATALOG_COMPILER_GLOBAL_ACCENT_COLOR_NAME = AccentColor;
				CODE_SIGN_IDENTITY = "Apple Development";
				CODE_SIGN_STYLE = Automatic;
				CURRENT_PROJECT_VERSION = 1;
				DEVELOPMENT_TEAM = FB627NQ75M;
				GENERATE_INFOPLIST_FILE = YES;
				INFOPLIST_FILE = WallaMarvel/Info.plist;
				INFOPLIST_KEY_UIApplicationSupportsIndirectInputEvents = YES;
				INFOPLIST_KEY_UILaunchStoryboardName = LaunchScreen;
				INFOPLIST_KEY_UISupportedInterfaceOrientations_iPad = "UIInterfaceOrientationPortrait UIInterfaceOrientationPortraitUpsideDown UIInterfaceOrientationLandscapeLeft UIInterfaceOrientationLandscapeRight";
				INFOPLIST_KEY_UISupportedInterfaceOrientations_iPhone = "UIInterfaceOrientationPortrait UIInterfaceOrientationLandscapeLeft UIInterfaceOrientationLandscapeRight";
				IPHONEOS_DEPLOYMENT_TARGET = 13.0;
				LD_RUNPATH_SEARCH_PATHS = (
					"$(inherited)",
					"@executable_path/Frameworks",
				);
				MARKETING_VERSION = 1.0;
				PRODUCT_BUNDLE_IDENTIFIER = com.josealcidesjunior.WallaMarvel;
				PRODUCT_NAME = "$(TARGET_NAME)";
				PROVISIONING_PROFILE_SPECIFIER = "";
				SWIFT_EMIT_LOC_STRINGS = YES;
				SWIFT_VERSION = 5.0;
				TARGETED_DEVICE_FAMILY = "1,2";
			};
			name = Release;
		};
		1A0E3AC32862F7E300132FCB /* Debug */ = {
			isa = XCBuildConfiguration;
			buildSettings = {
				ALWAYS_EMBED_SWIFT_STANDARD_LIBRARIES = YES;
				BUNDLE_LOADER = "$(TEST_HOST)";
				CODE_SIGN_STYLE = Automatic;
				CURRENT_PROJECT_VERSION = 1;
				GENERATE_INFOPLIST_FILE = YES;
				IPHONEOS_DEPLOYMENT_TARGET = 15.5;
				MARKETING_VERSION = 1.0;
				PRODUCT_BUNDLE_IDENTIFIER = com.wallapop.WallaMarvelTests;
				PRODUCT_NAME = "$(TARGET_NAME)";
				SWIFT_EMIT_LOC_STRINGS = NO;
				SWIFT_VERSION = 5.0;
				TARGETED_DEVICE_FAMILY = "1,2";
				TEST_HOST = "$(BUILT_PRODUCTS_DIR)/WallaMarvel.app/WallaMarvel";
			};
			name = Debug;
		};
		1A0E3AC42862F7E300132FCB /* Release */ = {
			isa = XCBuildConfiguration;
			buildSettings = {
				ALWAYS_EMBED_SWIFT_STANDARD_LIBRARIES = YES;
				BUNDLE_LOADER = "$(TEST_HOST)";
				CODE_SIGN_STYLE = Automatic;
				CURRENT_PROJECT_VERSION = 1;
				GENERATE_INFOPLIST_FILE = YES;
				IPHONEOS_DEPLOYMENT_TARGET = 15.5;
				MARKETING_VERSION = 1.0;
				PRODUCT_BUNDLE_IDENTIFIER = com.wallapop.WallaMarvelTests;
				PRODUCT_NAME = "$(TARGET_NAME)";
				SWIFT_EMIT_LOC_STRINGS = NO;
				SWIFT_VERSION = 5.0;
				TARGETED_DEVICE_FAMILY = "1,2";
				TEST_HOST = "$(BUILT_PRODUCTS_DIR)/WallaMarvel.app/WallaMarvel";
			};
			name = Release;
		};
		1A0E3AC62862F7E300132FCB /* Debug */ = {
			isa = XCBuildConfiguration;
			buildSettings = {
				ALWAYS_EMBED_SWIFT_STANDARD_LIBRARIES = YES;
				CODE_SIGN_STYLE = Automatic;
				CURRENT_PROJECT_VERSION = 1;
				GENERATE_INFOPLIST_FILE = YES;
				MARKETING_VERSION = 1.0;
				PRODUCT_BUNDLE_IDENTIFIER = com.wallapop.WallaMarvelUITests;
				PRODUCT_NAME = "$(TARGET_NAME)";
				SWIFT_EMIT_LOC_STRINGS = NO;
				SWIFT_VERSION = 5.0;
				TARGETED_DEVICE_FAMILY = "1,2";
				TEST_TARGET_NAME = WallaMarvel;
			};
			name = Debug;
		};
		1A0E3AC72862F7E300132FCB /* Release */ = {
			isa = XCBuildConfiguration;
			buildSettings = {
				ALWAYS_EMBED_SWIFT_STANDARD_LIBRARIES = YES;
				CODE_SIGN_STYLE = Automatic;
				CURRENT_PROJECT_VERSION = 1;
				GENERATE_INFOPLIST_FILE = YES;
				MARKETING_VERSION = 1.0;
				PRODUCT_BUNDLE_IDENTIFIER = com.wallapop.WallaMarvelUITests;
				PRODUCT_NAME = "$(TARGET_NAME)";
				SWIFT_EMIT_LOC_STRINGS = NO;
				SWIFT_VERSION = 5.0;
				TARGETED_DEVICE_FAMILY = "1,2";
				TEST_TARGET_NAME = WallaMarvel;
			};
			name = Release;
		};
/* End XCBuildConfiguration section */

/* Begin XCConfigurationList section */
		1A0E3A902862F7E200132FCB /* Build configuration list for PBXProject "WallaMarvel" */ = {
			isa = XCConfigurationList;
			buildConfigurations = (
				1A0E3ABD2862F7E300132FCB /* Debug */,
				1A0E3ABE2862F7E300132FCB /* Release */,
			);
			defaultConfigurationIsVisible = 0;
			defaultConfigurationName = Release;
		};
		1A0E3ABF2862F7E300132FCB /* Build configuration list for PBXNativeTarget "WallaMarvel" */ = {
			isa = XCConfigurationList;
			buildConfigurations = (
				1A0E3AC02862F7E300132FCB /* Debug */,
				1A0E3AC12862F7E300132FCB /* Release */,
			);
			defaultConfigurationIsVisible = 0;
			defaultConfigurationName = Release;
		};
		1A0E3AC22862F7E300132FCB /* Build configuration list for PBXNativeTarget "WallaMarvelTests" */ = {
			isa = XCConfigurationList;
			buildConfigurations = (
				1A0E3AC32862F7E300132FCB /* Debug */,
				1A0E3AC42862F7E300132FCB /* Release */,
			);
			defaultConfigurationIsVisible = 0;
			defaultConfigurationName = Release;
		};
		1A0E3AC52862F7E300132FCB /* Build configuration list for PBXNativeTarget "WallaMarvelUITests" */ = {
			isa = XCConfigurationList;
			buildConfigurations = (
				1A0E3AC62862F7E300132FCB /* Debug */,
				1A0E3AC72862F7E300132FCB /* Release */,
			);
			defaultConfigurationIsVisible = 0;
			defaultConfigurationName = Release;
		};
/* End XCConfigurationList section */

/* Begin XCRemoteSwiftPackageReference section */
		A66389F12DCE202500466318 /* XCRemoteSwiftPackageReference "Kingfisher" */ = {
			isa = XCRemoteSwiftPackageReference;
			repositoryURL = "https://github.com/onevcat/Kingfisher.git";
			requirement = {
				kind = upToNextMajorVersion;
				minimumVersion = 7.2.4;
			};
		};
/* End XCRemoteSwiftPackageReference section */

/* Begin XCSwiftPackageProductDependency section */
		A66389F22DCE202500466318 /* Kingfisher */ = {
			isa = XCSwiftPackageProductDependency;
			package = A66389F12DCE202500466318 /* XCRemoteSwiftPackageReference "Kingfisher" */;
			productName = Kingfisher;
		};
/* End XCSwiftPackageProductDependency section */
	};
	rootObject = 1A0E3A8D2862F7E200132FCB /* Project object */;
}
